
Microsoft Visual Studio Solution File, Format Version 12.00
# Visual Studio 2013
VisualStudioVersion = 12.0.31101.0
MinimumVisualStudioVersion = 10.0.40219.1
Project("{FAE04EC0-301F-11D3-BF4B-00C04F79EFBC}") = "LabTopicos", "LabTopicos\LabTopicos.csproj", "{226E9329-BF0B-4FB0-9AE8-7F8B166B4398}"
EndProject
Project("{FAE04EC0-301F-11D3-BF4B-00C04F79EFBC}") = "Test_LabTopicos", "Test_LabTopicos\Test_LabTopicos.csproj", "{A2A7C573-0222-4DDF-BA07-31307723591C}"
EndProject
Project("{FAE04EC0-301F-11D3-BF4B-00C04F79EFBC}") = "LabTopicos_app", "LabTopicos_app\LabTopicos_app.csproj", "{197BEA08-2D85-4856-A0F7-0310E9533E3C}"
EndProject
Project("{FAE04EC0-301F-11D3-BF4B-00C04F79EFBC}") = "LabTopicos_app.proxy", "LabTopicos_app.proxy\LabTopicos_app.proxy.csproj", "{01E8428B-04BA-4E21-93A4-D09E2B48D190}"
	ProjectSection(ProjectDependencies) = postProject
		{226E9329-BF0B-4FB0-9AE8-7F8B166B4398} = {226E9329-BF0B-4FB0-9AE8-7F8B166B4398}
	EndProjectSection
EndProject
Global
	GlobalSection(SolutionConfigurationPlatforms) = preSolution
		Debug|Any CPU = Debug|Any CPU
		Release|Any CPU = Release|Any CPU
	EndGlobalSection
	GlobalSection(ProjectConfigurationPlatforms) = postSolution
		{226E9329-BF0B-4FB0-9AE8-7F8B166B4398}.Debug|Any CPU.ActiveCfg = Debug|Any CPU
		{226E9329-BF0B-4FB0-9AE8-7F8B166B4398}.Debug|Any CPU.Build.0 = Debug|Any CPU
		{226E9329-BF0B-4FB0-9AE8-7F8B166B4398}.Release|Any CPU.ActiveCfg = Release|Any CPU
		{226E9329-BF0B-4FB0-9AE8-7F8B166B4398}.Release|Any CPU.Build.0 = Release|Any CPU
		{A2A7C573-0222-4DDF-BA07-31307723591C}.Debug|Any CPU.ActiveCfg = Debug|Any CPU
		{A2A7C573-0222-4DDF-BA07-31307723591C}.Debug|Any CPU.Build.0 = Debug|Any CPU
		{A2A7C573-0222-4DDF-BA07-31307723591C}.Release|Any CPU.ActiveCfg = Release|Any CPU
		{A2A7C573-0222-4DDF-BA07-31307723591C}.Release|Any CPU.Build.0 = Release|Any CPU
		{197BEA08-2D85-4856-A0F7-0310E9533E3C}.Debug|Any CPU.ActiveCfg = Debug|Any CPU
		{197BEA08-2D85-4856-A0F7-0310E9533E3C}.Debug|Any CPU.Build.0 = Debug|Any CPU
		{197BEA08-2D85-4856-A0F7-0310E9533E3C}.Release|Any CPU.ActiveCfg = Release|Any CPU
		{197BEA08-2D85-4856-A0F7-0310E9533E3C}.Release|Any CPU.Build.0 = Release|Any CPU
		{01E8428B-04BA-4E21-93A4-D09E2B48D190}.Debug|Any CPU.ActiveCfg = Debug|Any CPU
		{01E8428B-04BA-4E21-93A4-D09E2B48D190}.Debug|Any CPU.Build.0 = Debug|Any CPU
		{01E8428B-04BA-4E21-93A4-D09E2B48D190}.Release|Any CPU.ActiveCfg = Release|Any CPU
		{01E8428B-04BA-4E21-93A4-D09E2B48D190}.Release|Any CPU.Build.0 = Release|Any CPU
	EndGlobalSection
	GlobalSection(SolutionProperties) = preSolution
		HideSolutionNode = FALSE
	EndGlobalSection
EndGlobal
